<?xml version="1.0" encoding="utf-8"?>
<Project ToolsVersion="4.0" xmlns="http://schemas.microsoft.com/developer/msbuild/2003">
  <ItemGroup>
    <ClCompile Include="ViGEmClientCpp.cpp" />
    <ClCompile Include="..\ThirdParty\ViGEmClient\src\ViGEmClient.cpp">
      <Filter>ViGEmClient</Filter>
    </ClCompile>
  </ItemGroup>
  <ItemGroup>
    <ClInclude Include="ViGEmClientCpp.h" />
    <ClInclude Include="..\ThirdParty\ViGEmClient\include\ViGEm\km\BusShared.h">
      <Filter>ViGEmClient</Filter>
    </ClInclude>
    <ClInclude Include="..\ThirdParty\ViGEmClient\src\Internal.h">
      <Filter>ViGEmClient</Filter>
    </ClInclude>
    <ClInclude Include="..\ThirdParty\ViGEmClient\include\ViGEm\Client.h">
      <Filter>ViGEmClient\ViGEm</Filter>
    </ClInclude>
    <ClInclude Include="..\ThirdParty\ViGEmClient\include\ViGEm\Common.h">
      <Filter>ViGEmClient\ViGEm</Filter>
    </ClInclude>
    <ClInclude Include="..\ThirdParty\ViGEmClient\include\ViGEm\Util.h">
      <Filter>ViGEmClient\ViGEm</Filter>
    </ClInclude>
  </ItemGroup>
  <ItemGroup>
    <None Include="packages.config" />
  </ItemGroup>
  <ItemGroup>
    <Filter Include="ViGEmClient">
      <UniqueIdentifier>{22859e37-baaa-4ca2-a030-8516ba7bdea5}</UniqueIdentifier>
    </Filter>
    <Filter Include="ViGEmClient\ViGEm">
      <UniqueIdentifier>{f3ce95d9-5774-4b96-8bd3-449a879aafaf}</UniqueIdentifier>
    </Filter>
  </ItemGroup>
</Project>