<?xml version="1.0" encoding="utf-8"?>
<Project ToolsVersion="4.0" xmlns="http://schemas.microsoft.com/developer/msbuild/2003">
  <ItemGroup>
    <ClCompile Include="ProconXInputTE.cpp" />
    <ClCompile Include="stdafx.cpp" />
    <ClCompile Include="..\ThirdParty\hidapi\windows\hid.c">
      <Filter>hidapi</Filter>
    </ClCompile>
    <ClCompile Include="ProConIO\HidDevice.cpp">
      <Filter>ProconIO</Filter>
    </ClCompile>
    <ClCompile Include="ProConIO\HidDeviceCollection.cpp">
      <Filter>ProconIO</Filter>
    </ClCompile>
    <ClCompile Include="ProConIO\ProController.cpp">
      <Filter>ProconIO</Filter>
    </ClCompile>
    <ClCompile Include="ViGEmClient.cpp" />
  </ItemGroup>
  <ItemGroup>
    <Filter Include="hidapi">
      <UniqueIdentifier>{11cff6f6-a33e-47ab-b610-f4574edc902e}</UniqueIdentifier>
    </Filter>
    <Filter Include="ProconIO">
      <UniqueIdentifier>{499e74e7-15e9-42c9-a2cb-53f32a538b46}</UniqueIdentifier>
    </Filter>
  </ItemGroup>
  <ItemGroup>
    <ClInclude Include="stdafx.h" />
    <ClInclude Include="..\ThirdParty\hidapi\hidapi\hidapi.h">
      <Filter>hidapi</Filter>
    </ClInclude>
    <ClInclude Include="ProConIO\HidDevice.h">
      <Filter>ProconIO</Filter>
    </ClInclude>
    <ClInclude Include="ProConIO\HidDeviceCollection.h">
      <Filter>ProconIO</Filter>
    </ClInclude>
    <ClInclude Include="ProConIO\ProController.h">
      <Filter>ProconIO</Filter>
    </ClInclude>
    <ClInclude Include="ViGEmClient.h" />
  </ItemGroup>
  <ItemGroup>
    <Text Include="..\ThirdParty\hidapi\LICENSE-orig.txt">
      <Filter>hidapi</Filter>
    </Text>
  </ItemGroup>
</Project>